
Microsoft Visual Studio Solution File, Format Version 12.00
# Visual Studio Version 16
VisualStudioVersion = 16.0.30907.101
MinimumVisualStudioVersion = 10.0.40219.1
Project("{8BC9CEB8-8B4A-11D0-8D11-00A0C91BC942}") = "GestureApp", "GestureApp.vcxproj", "{EF871BD5-F088-4BC3-BEA2-F9362BFC8767}"
EndProject
Global
	GlobalSection(SolutionConfigurationPlatforms) = preSolution
		Debug|x64 = Debug|x64
		Debug|x86 = Debug|x86
		Release|x64 = Release|x64
		Release|x86 = Release|x86
	EndGlobalSection
	GlobalSection(ProjectConfigurationPlatforms) = postSolution
		{EF871BD5-F088-4BC3-BEA2-F9362BFC8767}.Debug|x64.ActiveCfg = Debug|x64
		{EF871BD5-F088-4BC3-BEA2-F9362BFC8767}.Debug|x64.Build.0 = Debug|x64
		{EF871BD5-F088-4BC3-BEA2-F9362BFC8767}.Debug|x86.ActiveCfg = Debug|Win32
		{EF871BD5-F088-4BC3-BEA2-F9362BFC8767}.Debug|x86.Build.0 = Debug|Win32
		{EF871BD5-F088-4BC3-BEA2-F9362BFC8767}.Release|x64.ActiveCfg = Release|x64
		{EF871BD5-F088-4BC3-BEA2-F9362BFC8767}.Release|x64.Build.0 = Release|x64
		{EF871BD5-F088-4BC3-BEA2-F9362BFC8767}.Release|x86.ActiveCfg = Release|Win32
		{EF871BD5-F088-4BC3-BEA2-F9362BFC8767}.Release|x86.Build.0 = Release|Win32
	EndGlobalSection
	GlobalSection(SolutionProperties) = preSolution
		HideSolutionNode = FALSE
	EndGlobalSection
	GlobalSection(ExtensibilityGlobals) = postSolution
		SolutionGuid = {70B8E7D4-1098-4738-A873-7B21D9B15C9B}
	EndGlobalSection
EndGlobal
